// !$*UTF8*$!
{
	archiveVersion = 1;
	classes = {
	};
	objectVersion = 50;
	objects = {

/* Begin PBXBuildFile section */
		680E6571261DFD4000DC77B8 /* Jongp2App.swift in Sources */ = {isa = PBXBuildFile; fileRef = 680E6570261DFD4000DC77B8 /* Jongp2App.swift */; };
		680E6573261DFD4000DC77B8 /* ContentView.swift in Sources */ = {isa = PBXBuildFile; fileRef = 680E6572261DFD4000DC77B8 /* ContentView.swift */; };
		680E6575261DFD4800DC77B8 /* Assets.xcassets in Resources */ = {isa = PBXBuildFile; fileRef = 680E6574261DFD4800DC77B8 /* Assets.xcassets */; };
		680E6578261DFD4800DC77B8 /* Preview Assets.xcassets in Resources */ = {isa = PBXBuildFile; fileRef = 680E6577261DFD4800DC77B8 /* Preview Assets.xcassets */; };
		680E6583261DFD4900DC77B8 /* Jongp2Tests.swift in Sources */ = {isa = PBXBuildFile; fileRef = 680E6582261DFD4900DC77B8 /* Jongp2Tests.swift */; };
		680E658E261DFD4900DC77B8 /* Jongp2UITests.swift in Sources */ = {isa = PBXBuildFile; fileRef = 680E658D261DFD4900DC77B8 /* Jongp2UITests.swift */; };
		680E65A7261DFFA900DC77B8 /* Menu1.swift in Sources */ = {isa = PBXBuildFile; fileRef = 680E65A6261DFFA900DC77B8 /* Menu1.swift */; };
		680E65AD261DFFEA00DC77B8 /* Menu2.swift in Sources */ = {isa = PBXBuildFile; fileRef = 680E65AC261DFFEA00DC77B8 /* Menu2.swift */; };
		680E65B5261E00B100DC77B8 /* FoodContent.swift in Sources */ = {isa = PBXBuildFile; fileRef = 680E65B4261E00B100DC77B8 /* FoodContent.swift */; };
		684E3AA62622FB2400515D50 /* request.swift in Sources */ = {isa = PBXBuildFile; fileRef = 684E3AA52622FB2400515D50 /* request.swift */; };
		68FC4647262309F400402D90 /* Jongp_URL.swift in Sources */ = {isa = PBXBuildFile; fileRef = 68FC4646262309F400402D90 /* Jongp_URL.swift */; };
		68FC464D262374DE00402D90 /* FoodViewModel.swift in Sources */ = {isa = PBXBuildFile; fileRef = 68FC464C262374DE00402D90 /* FoodViewModel.swift */; };
		68FC46522624809100402D90 /* AuctionFood.swift in Sources */ = {isa = PBXBuildFile; fileRef = 68FC46512624809100402D90 /* AuctionFood.swift */; };
/* End PBXBuildFile section */

/* Begin PBXContainerItemProxy section */
		680E657F261DFD4900DC77B8 /* PBXContainerItemProxy */ = {
			isa = PBXContainerItemProxy;
			containerPortal = 680E6565261DFD4000DC77B8 /* Project object */;
			proxyType = 1;
			remoteGlobalIDString = 680E656C261DFD4000DC77B8;
			remoteInfo = Jongp2;
		};
		680E658A261DFD4900DC77B8 /* PBXContainerItemProxy */ = {
			isa = PBXContainerItemProxy;
			containerPortal = 680E6565261DFD4000DC77B8 /* Project object */;
			proxyType = 1;
			remoteGlobalIDString = 680E656C261DFD4000DC77B8;
			remoteInfo = Jongp2;
		};
/* End PBXContainerItemProxy section */

/* Begin PBXFileReference section */
		680E656D261DFD4000DC77B8 /* Jongp2.app */ = {isa = PBXFileReference; explicitFileType = wrapper.application; includeInIndex = 0; path = Jongp2.app; sourceTree = BUILT_PRODUCTS_DIR; };
		680E6570261DFD4000DC77B8 /* Jongp2App.swift */ = {isa = PBXFileReference; lastKnownFileType = sourcecode.swift; path = Jongp2App.swift; sourceTree = "<group>"; };
		680E6572261DFD4000DC77B8 /* ContentView.swift */ = {isa = PBXFileReference; lastKnownFileType = sourcecode.swift; path = ContentView.swift; sourceTree = "<group>"; };
		680E6574261DFD4800DC77B8 /* Assets.xcassets */ = {isa = PBXFileReference; lastKnownFileType = folder.assetcatalog; path = Assets.xcassets; sourceTree = "<group>"; };
		680E6577261DFD4800DC77B8 /* Preview Assets.xcassets */ = {isa = PBXFileReference; lastKnownFileType = folder.assetcatalog; path = "Preview Assets.xcassets"; sourceTree = "<group>"; };
		680E6579261DFD4800DC77B8 /* Info.plist */ = {isa = PBXFileReference; lastKnownFileType = text.plist.xml; path = Info.plist; sourceTree = "<group>"; };
		680E657E261DFD4900DC77B8 /* Jongp2Tests.xctest */ = {isa = PBXFileReference; explicitFileType = wrapper.cfbundle; includeInIndex = 0; path = Jongp2Tests.xctest; sourceTree = BUILT_PRODUCTS_DIR; };
		680E6582261DFD4900DC77B8 /* Jongp2Tests.swift */ = {isa = PBXFileReference; lastKnownFileType = sourcecode.swift; path = Jongp2Tests.swift; sourceTree = "<group>"; };
		680E6584261DFD4900DC77B8 /* Info.plist */ = {isa = PBXFileReference; lastKnownFileType = text.plist.xml; path = Info.plist; sourceTree = "<group>"; };
		680E6589261DFD4900DC77B8 /* Jongp2UITests.xctest */ = {isa = PBXFileReference; explicitFileType = wrapper.cfbundle; includeInIndex = 0; path = Jongp2UITests.xctest; sourceTree = BUILT_PRODUCTS_DIR; };
		680E658D261DFD4900DC77B8 /* Jongp2UITests.swift */ = {isa = PBXFileReference; lastKnownFileType = sourcecode.swift; path = Jongp2UITests.swift; sourceTree = "<group>"; };
		680E658F261DFD4900DC77B8 /* Info.plist */ = {isa = PBXFileReference; lastKnownFileType = text.plist.xml; path = Info.plist; sourceTree = "<group>"; };
		680E65A6261DFFA900DC77B8 /* Menu1.swift */ = {isa = PBXFileReference; lastKnownFileType = sourcecode.swift; path = Menu1.swift; sourceTree = "<group>"; };
		680E65AC261DFFEA00DC77B8 /* Menu2.swift */ = {isa = PBXFileReference; lastKnownFileType = sourcecode.swift; path = Menu2.swift; sourceTree = "<group>"; };
		680E65B4261E00B100DC77B8 /* FoodContent.swift */ = {isa = PBXFileReference; lastKnownFileType = sourcecode.swift; path = FoodContent.swift; sourceTree = "<group>"; };
		684E3AA52622FB2400515D50 /* request.swift */ = {isa = PBXFileReference; lastKnownFileType = sourcecode.swift; path = request.swift; sourceTree = "<group>"; };
		68FC4646262309F400402D90 /* Jongp_URL.swift */ = {isa = PBXFileReference; lastKnownFileType = sourcecode.swift; path = Jongp_URL.swift; sourceTree = "<group>"; };
		68FC464C262374DE00402D90 /* FoodViewModel.swift */ = {isa = PBXFileReference; lastKnownFileType = sourcecode.swift; path = FoodViewModel.swift; sourceTree = "<group>"; };
		68FC46512624809100402D90 /* AuctionFood.swift */ = {isa = PBXFileReference; lastKnownFileType = sourcecode.swift; path = AuctionFood.swift; sourceTree = "<group>"; };
/* End PBXFileReference section */

/* Begin PBXFrameworksBuildPhase section */
		680E656A261DFD4000DC77B8 /* Frameworks */ = {
			isa = PBXFrameworksBuildPhase;
			buildActionMask = 2147483647;
			files = (
			);
			runOnlyForDeploymentPostprocessing = 0;
		};
		680E657B261DFD4900DC77B8 /* Frameworks */ = {
			isa = PBXFrameworksBuildPhase;
			buildActionMask = 2147483647;
			files = (
			);
			runOnlyForDeploymentPostprocessing = 0;
		};
		680E6586261DFD4900DC77B8 /* Frameworks */ = {
			isa = PBXFrameworksBuildPhase;
			buildActionMask = 2147483647;
			files = (
			);
			runOnlyForDeploymentPostprocessing = 0;
		};
/* End PBXFrameworksBuildPhase section */

/* Begin PBXGroup section */
		680E6564261DFD4000DC77B8 = {
			isa = PBXGroup;
			children = (
				680E656F261DFD4000DC77B8 /* Jongp2 */,
				680E6581261DFD4900DC77B8 /* Jongp2Tests */,
				680E658C261DFD4900DC77B8 /* Jongp2UITests */,
				680E656E261DFD4000DC77B8 /* Products */,
			);
			sourceTree = "<group>";
		};
		680E656E261DFD4000DC77B8 /* Products */ = {
			isa = PBXGroup;
			children = (
				680E656D261DFD4000DC77B8 /* Jongp2.app */,
				680E657E261DFD4900DC77B8 /* Jongp2Tests.xctest */,
				680E6589261DFD4900DC77B8 /* Jongp2UITests.xctest */,
			);
			name = Products;
			sourceTree = "<group>";
		};
		680E656F261DFD4000DC77B8 /* Jongp2 */ = {
			isa = PBXGroup;
			children = (
				684E3AA42622FB0A00515D50 /* API */,
				680E65AB261DFFDA00DC77B8 /* Menu2 */,
				680E65A2261DFEFF00DC77B8 /* Menu1 */,
				680E659E261DFDC900DC77B8 /* Tabview Content */,
				680E6570261DFD4000DC77B8 /* Jongp2App.swift */,
				680E6572261DFD4000DC77B8 /* ContentView.swift */,
				680E6574261DFD4800DC77B8 /* Assets.xcassets */,
				680E6579261DFD4800DC77B8 /* Info.plist */,
				680E6576261DFD4800DC77B8 /* Preview Content */,
			);
			path = Jongp2;
			sourceTree = "<group>";
		};
		680E6576261DFD4800DC77B8 /* Preview Content */ = {
			isa = PBXGroup;
			children = (
				680E6577261DFD4800DC77B8 /* Preview Assets.xcassets */,
			);
			path = "Preview Content";
			sourceTree = "<group>";
		};
		680E6581261DFD4900DC77B8 /* Jongp2Tests */ = {
			isa = PBXGroup;
			children = (
				680E6582261DFD4900DC77B8 /* Jongp2Tests.swift */,
				680E6584261DFD4900DC77B8 /* Info.plist */,
			);
			path = Jongp2Tests;
			sourceTree = "<group>";
		};
		680E658C261DFD4900DC77B8 /* Jongp2UITests */ = {
			isa = PBXGroup;
			children = (
				680E658D261DFD4900DC77B8 /* Jongp2UITests.swift */,
				680E658F261DFD4900DC77B8 /* Info.plist */,
			);
			path = Jongp2UITests;
			sourceTree = "<group>";
		};
		680E659E261DFDC900DC77B8 /* Tabview Content */ = {
			isa = PBXGroup;
			children = (
			);
			path = "Tabview Content";
			sourceTree = "<group>";
		};
		680E65A2261DFEFF00DC77B8 /* Menu1 */ = {
			isa = PBXGroup;
			children = (
				680E65A6261DFFA900DC77B8 /* Menu1.swift */,
				680E65B4261E00B100DC77B8 /* FoodContent.swift */,
				68FC464C262374DE00402D90 /* FoodViewModel.swift */,
			);
			path = Menu1;
			sourceTree = "<group>";
		};
		680E65AB261DFFDA00DC77B8 /* Menu2 */ = {
			isa = PBXGroup;
			children = (
				680E65AC261DFFEA00DC77B8 /* Menu2.swift */,
				68FC46512624809100402D90 /* AuctionFood.swift */,
			);
			path = Menu2;
			sourceTree = "<group>";
		};
		684E3AA42622FB0A00515D50 /* API */ = {
			isa = PBXGroup;
			children = (
				684E3AA52622FB2400515D50 /* request.swift */,
				68FC4646262309F400402D90 /* Jongp_URL.swift */,
			);
			path = API;
			sourceTree = "<group>";
		};
/* End PBXGroup section */

/* Begin PBXNativeTarget section */
		680E656C261DFD4000DC77B8 /* Jongp2 */ = {
			isa = PBXNativeTarget;
			buildConfigurationList = 680E6592261DFD4900DC77B8 /* Build configuration list for PBXNativeTarget "Jongp2" */;
			buildPhases = (
				680E6569261DFD4000DC77B8 /* Sources */,
				680E656A261DFD4000DC77B8 /* Frameworks */,
				680E656B261DFD4000DC77B8 /* Resources */,
			);
			buildRules = (
			);
			dependencies = (
			);
			name = Jongp2;
			productName = Jongp2;
			productReference = 680E656D261DFD4000DC77B8 /* Jongp2.app */;
			productType = "com.apple.product-type.application";
		};
		680E657D261DFD4900DC77B8 /* Jongp2Tests */ = {
			isa = PBXNativeTarget;
			buildConfigurationList = 680E6595261DFD4900DC77B8 /* Build configuration list for PBXNativeTarget "Jongp2Tests" */;
			buildPhases = (
				680E657A261DFD4900DC77B8 /* Sources */,
				680E657B261DFD4900DC77B8 /* Frameworks */,
				680E657C261DFD4900DC77B8 /* Resources */,
			);
			buildRules = (
			);
			dependencies = (
				680E6580261DFD4900DC77B8 /* PBXTargetDependency */,
			);
			name = Jongp2Tests;
			productName = Jongp2Tests;
			productReference = 680E657E261DFD4900DC77B8 /* Jongp2Tests.xctest */;
			productType = "com.apple.product-type.bundle.unit-test";
		};
		680E6588261DFD4900DC77B8 /* Jongp2UITests */ = {
			isa = PBXNativeTarget;
			buildConfigurationList = 680E6598261DFD4900DC77B8 /* Build configuration list for PBXNativeTarget "Jongp2UITests" */;
			buildPhases = (
				680E6585261DFD4900DC77B8 /* Sources */,
				680E6586261DFD4900DC77B8 /* Frameworks */,
				680E6587261DFD4900DC77B8 /* Resources */,
			);
			buildRules = (
			);
			dependencies = (
				680E658B261DFD4900DC77B8 /* PBXTargetDependency */,
			);
			name = Jongp2UITests;
			productName = Jongp2UITests;
			productReference = 680E6589261DFD4900DC77B8 /* Jongp2UITests.xctest */;
			productType = "com.apple.product-type.bundle.ui-testing";
		};
/* End PBXNativeTarget section */

/* Begin PBXProject section */
		680E6565261DFD4000DC77B8 /* Project object */ = {
			isa = PBXProject;
			attributes = {
				LastSwiftUpdateCheck = 1240;
				LastUpgradeCheck = 1240;
				TargetAttributes = {
					680E656C261DFD4000DC77B8 = {
						CreatedOnToolsVersion = 12.4;
					};
					680E657D261DFD4900DC77B8 = {
						CreatedOnToolsVersion = 12.4;
					};
					680E6588261DFD4900DC77B8 = {
						CreatedOnToolsVersion = 12.4;
					};
				};
			};
			buildConfigurationList = 680E6568261DFD4000DC77B8 /* Build configuration list for PBXProject "Jongp2" */;
			compatibilityVersion = "Xcode 9.3";
			developmentRegion = en;
			hasScannedForEncodings = 0;
			knownRegions = (
				en,
				Base,
			);
			mainGroup = 680E6564261DFD4000DC77B8;
			productRefGroup = 680E656E261DFD4000DC77B8 /* Products */;
			projectDirPath = "";
			projectRoot = "";
			targets = (
				680E656C261DFD4000DC77B8 /* Jongp2 */,
				680E657D261DFD4900DC77B8 /* Jongp2Tests */,
				680E6588261DFD4900DC77B8 /* Jongp2UITests */,
			);
		};
/* End PBXProject section */

/* Begin PBXResourcesBuildPhase section */
		680E656B261DFD4000DC77B8 /* Resources */ = {
			isa = PBXResourcesBuildPhase;
			buildActionMask = 2147483647;
			files = (
				680E6578261DFD4800DC77B8 /* Preview Assets.xcassets in Resources */,
				680E6575261DFD4800DC77B8 /* Assets.xcassets in Resources */,
			);
			runOnlyForDeploymentPostprocessing = 0;
		};
		680E657C261DFD4900DC77B8 /* Resources */ = {
			isa = PBXResourcesBuildPhase;
			buildActionMask = 2147483647;
			files = (
			);
			runOnlyForDeploymentPostprocessing = 0;
		};
		680E6587261DFD4900DC77B8 /* Resources */ = {
			isa = PBXResourcesBuildPhase;
			buildActionMask = 2147483647;
			files = (
			);
			runOnlyForDeploymentPostprocessing = 0;
		};
/* End PBXResourcesBuildPhase section */

/* Begin PBXSourcesBuildPhase section */
		680E6569261DFD4000DC77B8 /* Sources */ = {
			isa = PBXSourcesBuildPhase;
			buildActionMask = 2147483647;
			files = (
				680E6573261DFD4000DC77B8 /* ContentView.swift in Sources */,
				680E65AD261DFFEA00DC77B8 /* Menu2.swift in Sources */,
				68FC464D262374DE00402D90 /* FoodViewModel.swift in Sources */,
				680E65A7261DFFA900DC77B8 /* Menu1.swift in Sources */,
				680E6571261DFD4000DC77B8 /* Jongp2App.swift in Sources */,
				68FC4647262309F400402D90 /* Jongp_URL.swift in Sources */,
				680E65B5261E00B100DC77B8 /* FoodContent.swift in Sources */,
				68FC46522624809100402D90 /* AuctionFood.swift in Sources */,
				684E3AA62622FB2400515D50 /* request.swift in Sources */,
			);
			runOnlyForDeploymentPostprocessing = 0;
		};
		680E657A261DFD4900DC77B8 /* Sources */ = {
			isa = PBXSourcesBuildPhase;
			buildActionMask = 2147483647;
			files = (
				680E6583261DFD4900DC77B8 /* Jongp2Tests.swift in Sources */,
			);
			runOnlyForDeploymentPostprocessing = 0;
		};
		680E6585261DFD4900DC77B8 /* Sources */ = {
			isa = PBXSourcesBuildPhase;
			buildActionMask = 2147483647;
			files = (
				680E658E261DFD4900DC77B8 /* Jongp2UITests.swift in Sources */,
			);
			runOnlyForDeploymentPostprocessing = 0;
		};
/* End PBXSourcesBuildPhase section */

/* Begin PBXTargetDependency section */
		680E6580261DFD4900DC77B8 /* PBXTargetDependency */ = {
			isa = PBXTargetDependency;
			target = 680E656C261DFD4000DC77B8 /* Jongp2 */;
			targetProxy = 680E657F261DFD4900DC77B8 /* PBXContainerItemProxy */;
		};
		680E658B261DFD4900DC77B8 /* PBXTargetDependency */ = {
			isa = PBXTargetDependency;
			target = 680E656C261DFD4000DC77B8 /* Jongp2 */;
			targetProxy = 680E658A261DFD4900DC77B8 /* PBXContainerItemProxy */;
		};
/* End PBXTargetDependency section */

/* Begin XCBuildConfiguration section */
		680E6590261DFD4900DC77B8 /* Debug */ = {
			isa = XCBuildConfiguration;
			buildSettings = {
				ALWAYS_SEARCH_USER_PATHS = NO;
				CLANG_ANALYZER_NONNULL = YES;
				CLANG_ANALYZER_NUMBER_OBJECT_CONVERSION = YES_AGGRESSIVE;
				CLANG_CXX_LANGUAGE_STANDARD = "gnu++14";
				CLANG_CXX_LIBRARY = "libc++";
				CLANG_ENABLE_MODULES = YES;
				CLANG_ENABLE_OBJC_ARC = YES;
				CLANG_ENABLE_OBJC_WEAK = YES;
				CLANG_WARN_BLOCK_CAPTURE_AUTORELEASING = YES;
				CLANG_WARN_BOOL_CONVERSION = YES;
				CLANG_WARN_COMMA = YES;
				CLANG_WARN_CONSTANT_CONVERSION = YES;
				CLANG_WARN_DEPRECATED_OBJC_IMPLEMENTATIONS = YES;
				CLANG_WARN_DIRECT_OBJC_ISA_USAGE = YES_ERROR;
				CLANG_WARN_DOCUMENTATION_COMMENTS = YES;
				CLANG_WARN_EMPTY_BODY = YES;
				CLANG_WARN_ENUM_CONVERSION = YES;
				CLANG_WARN_INFINITE_RECURSION = YES;
				CLANG_WARN_INT_CONVERSION = YES;
				CLANG_WARN_NON_LITERAL_NULL_CONVERSION = YES;
				CLANG_WARN_OBJC_IMPLICIT_RETAIN_SELF = YES;
				CLANG_WARN_OBJC_LITERAL_CONVERSION = YES;
				CLANG_WARN_OBJC_ROOT_CLASS = YES_ERROR;
				CLANG_WARN_QUOTED_INCLUDE_IN_FRAMEWORK_HEADER = YES;
				CLANG_WARN_RANGE_LOOP_ANALYSIS = YES;
				CLANG_WARN_STRICT_PROTOTYPES = YES;
				CLANG_WARN_SUSPICIOUS_MOVE = YES;
				CLANG_WARN_UNGUARDED_AVAILABILITY = YES_AGGRESSIVE;
				CLANG_WARN_UNREACHABLE_CODE = YES;
				CLANG_WARN__DUPLICATE_METHOD_MATCH = YES;
				COPY_PHASE_STRIP = NO;
				DEBUG_INFORMATION_FORMAT = dwarf;
				ENABLE_STRICT_OBJC_MSGSEND = YES;
				ENABLE_TESTABILITY = YES;
				GCC_C_LANGUAGE_STANDARD = gnu11;
				GCC_DYNAMIC_NO_PIC = NO;
				GCC_NO_COMMON_BLOCKS = YES;
				GCC_OPTIMIZATION_LEVEL = 0;
				GCC_PREPROCESSOR_DEFINITIONS = (
					"DEBUG=1",
					"$(inherited)",
				);
				GCC_WARN_64_TO_32_BIT_CONVERSION = YES;
				GCC_WARN_ABOUT_RETURN_TYPE = YES_ERROR;
				GCC_WARN_UNDECLARED_SELECTOR = YES;
				GCC_WARN_UNINITIALIZED_AUTOS = YES_AGGRESSIVE;
				GCC_WARN_UNUSED_FUNCTION = YES;
				GCC_WARN_UNUSED_VARIABLE = YES;
				IPHONEOS_DEPLOYMENT_TARGET = 14.4;
				MTL_ENABLE_DEBUG_INFO = INCLUDE_SOURCE;
				MTL_FAST_MATH = YES;
				ONLY_ACTIVE_ARCH = YES;
				SDKROOT = iphoneos;
				SWIFT_ACTIVE_COMPILATION_CONDITIONS = DEBUG;
				SWIFT_OPTIMIZATION_LEVEL = "-Onone";
			};
			name = Debug;
		};
		680E6591261DFD4900DC77B8 /* Release */ = {
			isa = XCBuildConfiguration;
			buildSettings = {
				ALWAYS_SEARCH_USER_PATHS = NO;
				CLANG_ANALYZER_NONNULL = YES;
				CLANG_ANALYZER_NUMBER_OBJECT_CONVERSION = YES_AGGRESSIVE;
				CLANG_CXX_LANGUAGE_STANDARD = "gnu++14";
				CLANG_CXX_LIBRARY = "libc++";
				CLANG_ENABLE_MODULES = YES;
				CLANG_ENABLE_OBJC_ARC = YES;
				CLANG_ENABLE_OBJC_WEAK = YES;
				CLANG_WARN_BLOCK_CAPTURE_AUTORELEASING = YES;
				CLANG_WARN_BOOL_CONVERSION = YES;
				CLANG_WARN_COMMA = YES;
				CLANG_WARN_CONSTANT_CONVERSION = YES;
				CLANG_WARN_DEPRECATED_OBJC_IMPLEMENTATIONS = YES;
				CLANG_WARN_DIRECT_OBJC_ISA_USAGE = YES_ERROR;
				CLANG_WARN_DOCUMENTATION_COMMENTS = YES;
				CLANG_WARN_EMPTY_BODY = YES;
				CLANG_WARN_ENUM_CONVERSION = YES;
				CLANG_WARN_INFINITE_RECURSION = YES;
				CLANG_WARN_INT_CONVERSION = YES;
				CLANG_WARN_NON_LITERAL_NULL_CONVERSION = YES;
				CLANG_WARN_OBJC_IMPLICIT_RETAIN_SELF = YES;
				CLANG_WARN_OBJC_LITERAL_CONVERSION = YES;
				CLANG_WARN_OBJC_ROOT_CLASS = YES_ERROR;
				CLANG_WARN_QUOTED_INCLUDE_IN_FRAMEWORK_HEADER = YES;
				CLANG_WARN_RANGE_LOOP_ANALYSIS = YES;
				CLANG_WARN_STRICT_PROTOTYPES = YES;
				CLANG_WARN_SUSPICIOUS_MOVE = YES;
				CLANG_WARN_UNGUARDED_AVAILABILITY = YES_AGGRESSIVE;
				CLANG_WARN_UNREACHABLE_CODE = YES;
				CLANG_WARN__DUPLICATE_METHOD_MATCH = YES;
				COPY_PHASE_STRIP = NO;
				DEBUG_INFORMATION_FORMAT = "dwarf-with-dsym";
				ENABLE_NS_ASSERTIONS = NO;
				ENABLE_STRICT_OBJC_MSGSEND = YES;
				GCC_C_LANGUAGE_STANDARD = gnu11;
				GCC_NO_COMMON_BLOCKS = YES;
				GCC_WARN_64_TO_32_BIT_CONVERSION = YES;
				GCC_WARN_ABOUT_RETURN_TYPE = YES_ERROR;
				GCC_WARN_UNDECLARED_SELECTOR = YES;
				GCC_WARN_UNINITIALIZED_AUTOS = YES_AGGRESSIVE;
				GCC_WARN_UNUSED_FUNCTION = YES;
				GCC_WARN_UNUSED_VARIABLE = YES;
				IPHONEOS_DEPLOYMENT_TARGET = 14.4;
				MTL_ENABLE_DEBUG_INFO = NO;
				MTL_FAST_MATH = YES;
				SDKROOT = iphoneos;
				SWIFT_COMPILATION_MODE = wholemodule;
				SWIFT_OPTIMIZATION_LEVEL = "-O";
				VALIDATE_PRODUCT = YES;
			};
			name = Release;
		};
		680E6593261DFD4900DC77B8 /* Debug */ = {
			isa = XCBuildConfiguration;
			buildSettings = {
				ASSETCATALOG_COMPILER_APPICON_NAME = AppIcon;
				ASSETCATALOG_COMPILER_GLOBAL_ACCENT_COLOR_NAME = AccentColor;
				CODE_SIGN_STYLE = Automatic;
				DEVELOPMENT_ASSET_PATHS = "\"Jongp2/Preview Content\"";
				DEVELOPMENT_TEAM = 825B8L44JT;
				ENABLE_PREVIEWS = YES;
				INFOPLIST_FILE = Jongp2/Info.plist;
				IPHONEOS_DEPLOYMENT_TARGET = 14.0;
				LD_RUNPATH_SEARCH_PATHS = (
					"$(inherited)",
					"@executable_path/Frameworks",
				);
				PRODUCT_BUNDLE_IDENTIFIER = junseok.Jongp2;
				PRODUCT_NAME = "$(TARGET_NAME)";
				SWIFT_VERSION = 5.0;
				TARGETED_DEVICE_FAMILY = "1,2";
			};
			name = Debug;
		};
		680E6594261DFD4900DC77B8 /* Release */ = {
			isa = XCBuildConfiguration;
			buildSettings = {
				ASSETCATALOG_COMPILER_APPICON_NAME = AppIcon;
				ASSETCATALOG_COMPILER_GLOBAL_ACCENT_COLOR_NAME = AccentColor;
				CODE_SIGN_STYLE = Automatic;
				DEVELOPMENT_ASSET_PATHS = "\"Jongp2/Preview Content\"";
				DEVELOPMENT_TEAM = 825B8L44JT;
				ENABLE_PREVIEWS = YES;
				INFOPLIST_FILE = Jongp2/Info.plist;
				IPHONEOS_DEPLOYMENT_TARGET = 14.0;
				LD_RUNPATH_SEARCH_PATHS = (
					"$(inherited)",
					"@executable_path/Frameworks",
				);
				PRODUCT_BUNDLE_IDENTIFIER = junseok.Jongp2;
				PRODUCT_NAME = "$(TARGET_NAME)";
				SWIFT_VERSION = 5.0;
				TARGETED_DEVICE_FAMILY = "1,2";
			};
			name = Release;
		};
		680E6596261DFD4900DC77B8 /* Debug */ = {
			isa = XCBuildConfiguration;
			buildSettings = {
				ALWAYS_EMBED_SWIFT_STANDARD_LIBRARIES = YES;
				CODE_SIGN_STYLE = Automatic;
				DEVELOPMENT_TEAM = 825B8L44JT;
				INFOPLIST_FILE = Jongp2Tests/Info.plist;
				IPHONEOS_DEPLOYMENT_TARGET = 14.0;
				LD_RUNPATH_SEARCH_PATHS = (
					"$(inherited)",
					"@executable_path/Frameworks",
					"@loader_path/Frameworks",
				);
				PRODUCT_BUNDLE_IDENTIFIER = junseok.Jongp2Tests;
				PRODUCT_NAME = "$(TARGET_NAME)";
				SWIFT_VERSION = 5.0;
				TARGETED_DEVICE_FAMILY = "1,2";
			};
			name = Debug;
		};
		680E6597261DFD4900DC77B8 /* Release */ = {
			isa = XCBuildConfiguration;
			buildSettings = {
				ALWAYS_EMBED_SWIFT_STANDARD_LIBRARIES = YES;
				CODE_SIGN_STYLE = Automatic;
				DEVELOPMENT_TEAM = 825B8L44JT;
				INFOPLIST_FILE = Jongp2Tests/Info.plist;
				IPHONEOS_DEPLOYMENT_TARGET = 14.0;
				LD_RUNPATH_SEARCH_PATHS = (
					"$(inherited)",
					"@executable_path/Frameworks",
					"@loader_path/Frameworks",
				);
				PRODUCT_BUNDLE_IDENTIFIER = junseok.Jongp2Tests;
				PRODUCT_NAME = "$(TARGET_NAME)";
				SWIFT_VERSION = 5.0;
				TARGETED_DEVICE_FAMILY = "1,2";
			};
			name = Release;
		};
		680E6599261DFD4900DC77B8 /* Debug */ = {
			isa = XCBuildConfiguration;
			buildSettings = {
				ALWAYS_EMBED_SWIFT_STANDARD_LIBRARIES = YES;
				CODE_SIGN_STYLE = Automatic;
				DEVELOPMENT_TEAM = 825B8L44JT;
				INFOPLIST_FILE = Jongp2UITests/Info.plist;
				LD_RUNPATH_SEARCH_PATHS = (
					"$(inherited)",
					"@executable_path/Frameworks",
					"@loader_path/Frameworks",
				);
				PRODUCT_BUNDLE_IDENTIFIER = junseok.Jongp2UITests;
				PRODUCT_NAME = "$(TARGET_NAME)";
				PROVISIONING_PROFILE = "";
				SWIFT_VERSION = 5.0;
				TARGETED_DEVICE_FAMILY = "1,2";
			};
			name = Debug;
		};
		680E659A261DFD4900DC77B8 /* Release */ = {
			isa = XCBuildConfiguration;
			buildSettings = {
				ALWAYS_EMBED_SWIFT_STANDARD_LIBRARIES = YES;
				CODE_SIGN_STYLE = Automatic;
				DEVELOPMENT_TEAM = 825B8L44JT;
				INFOPLIST_FILE = Jongp2UITests/Info.plist;
				LD_RUNPATH_SEARCH_PATHS = (
					"$(inherited)",
					"@executable_path/Frameworks",
					"@loader_path/Frameworks",
				);
				PRODUCT_BUNDLE_IDENTIFIER = junseok.Jongp2UITests;
				PRODUCT_NAME = "$(TARGET_NAME)";
				PROVISIONING_PROFILE = "";
				SWIFT_VERSION = 5.0;
				TARGETED_DEVICE_FAMILY = "1,2";
			};
			name = Release;
		};
/* End XCBuildConfiguration section */

/* Begin XCConfigurationList section */
		680E6568261DFD4000DC77B8 /* Build configuration list for PBXProject "Jongp2" */ = {
			isa = XCConfigurationList;
			buildConfigurations = (
				680E6590261DFD4900DC77B8 /* Debug */,
				680E6591261DFD4900DC77B8 /* Release */,
			);
			defaultConfigurationIsVisible = 0;
			defaultConfigurationName = Release;
		};
		680E6592261DFD4900DC77B8 /* Build configuration list for PBXNativeTarget "Jongp2" */ = {
			isa = XCConfigurationList;
			buildConfigurations = (
				680E6593261DFD4900DC77B8 /* Debug */,
				680E6594261DFD4900DC77B8 /* Release */,
			);
			defaultConfigurationIsVisible = 0;
			defaultConfigurationName = Release;
		};
		680E6595261DFD4900DC77B8 /* Build configuration list for PBXNativeTarget "Jongp2Tests" */ = {
			isa = XCConfigurationList;
			buildConfigurations = (
				680E6596261DFD4900DC77B8 /* Debug */,
				680E6597261DFD4900DC77B8 /* Release */,
			);
			defaultConfigurationIsVisible = 0;
			defaultConfigurationName = Release;
		};
		680E6598261DFD4900DC77B8 /* Build configuration list for PBXNativeTarget "Jongp2UITests" */ = {
			isa = XCConfigurationList;
			buildConfigurations = (
				680E6599261DFD4900DC77B8 /* Debug */,
				680E659A261DFD4900DC77B8 /* Release */,
			);
			defaultConfigurationIsVisible = 0;
			defaultConfigurationName = Release;
		};
/* End XCConfigurationList section */
	};
	rootObject = 680E6565261DFD4000DC77B8 /* Project object */;
}
