// !$*UTF8*$!
{
	archiveVersion = 1;
	classes = {
	};
	objectVersion = 51;
	objects = {

/* Begin PBXBuildFile section */
		681BBD4F266B7A130025568A /* webSocketWithStomp.swift in Sources */ = {isa = PBXBuildFile; fileRef = 681BBD4E266B7A130025568A /* webSocketWithStomp.swift */; };
		682ECB542663CDAE00F02DD3 /* AppDelegate.swift in Sources */ = {isa = PBXBuildFile; fileRef = 682ECB532663CDAE00F02DD3 /* AppDelegate.swift */; };
		682ECB562663CDAE00F02DD3 /* SceneDelegate.swift in Sources */ = {isa = PBXBuildFile; fileRef = 682ECB552663CDAE00F02DD3 /* SceneDelegate.swift */; };
		682ECB582663CDAE00F02DD3 /* ViewController.swift in Sources */ = {isa = PBXBuildFile; fileRef = 682ECB572663CDAE00F02DD3 /* ViewController.swift */; };
		682ECB5B2663CDAE00F02DD3 /* Main.storyboard in Resources */ = {isa = PBXBuildFile; fileRef = 682ECB592663CDAE00F02DD3 /* Main.storyboard */; };
		682ECB5D2663CDB700F02DD3 /* Assets.xcassets in Resources */ = {isa = PBXBuildFile; fileRef = 682ECB5C2663CDB700F02DD3 /* Assets.xcassets */; };
		682ECB602663CDB700F02DD3 /* LaunchScreen.storyboard in Resources */ = {isa = PBXBuildFile; fileRef = 682ECB5E2663CDB700F02DD3 /* LaunchScreen.storyboard */; };
		682ECB6B2663D07A00F02DD3 /* SecondTab.storyboard in Resources */ = {isa = PBXBuildFile; fileRef = 682ECB6A2663D07A00F02DD3 /* SecondTab.storyboard */; };
		682ECB6E2663D09900F02DD3 /* FirstTabController.swift in Sources */ = {isa = PBXBuildFile; fileRef = 682ECB6D2663D09900F02DD3 /* FirstTabController.swift */; };
		682ECB702663D0A500F02DD3 /* SecondTabController.swift in Sources */ = {isa = PBXBuildFile; fileRef = 682ECB6F2663D0A500F02DD3 /* SecondTabController.swift */; };
		682ECB732663D79100F02DD3 /* WasURL.swift in Sources */ = {isa = PBXBuildFile; fileRef = 682ECB722663D79100F02DD3 /* WasURL.swift */; };
		682ECB752663D93300F02DD3 /* FirstTabTableController.swift in Sources */ = {isa = PBXBuildFile; fileRef = 682ECB742663D93300F02DD3 /* FirstTabTableController.swift */; };
		682ECB772663DB8A00F02DD3 /* FoodCompareViewController.swift in Sources */ = {isa = PBXBuildFile; fileRef = 682ECB762663DB8900F02DD3 /* FoodCompareViewController.swift */; };
		682ECB792663DBAA00F02DD3 /* FoodCompare.storyboard in Resources */ = {isa = PBXBuildFile; fileRef = 682ECB782663DBAA00F02DD3 /* FoodCompare.storyboard */; };
		682ECB7B2663DF1900F02DD3 /* TabBarCell.swift in Sources */ = {isa = PBXBuildFile; fileRef = 682ECB7A2663DF1900F02DD3 /* TabBarCell.swift */; };
		682ECB7D2663F7ED00F02DD3 /* FirstTab.storyboard in Resources */ = {isa = PBXBuildFile; fileRef = 682ECB7C2663F7ED00F02DD3 /* FirstTab.storyboard */; };
		682ECB802664056B00F02DD3 /* DateSearchViewController.swift in Sources */ = {isa = PBXBuildFile; fileRef = 682ECB7F2664056A00F02DD3 /* DateSearchViewController.swift */; };
		682ECB822664057B00F02DD3 /* GraphViewController.swift in Sources */ = {isa = PBXBuildFile; fileRef = 682ECB812664057B00F02DD3 /* GraphViewController.swift */; };
		682ECB842664058600F02DD3 /* PredictPriceViewController.swift in Sources */ = {isa = PBXBuildFile; fileRef = 682ECB832664058600F02DD3 /* PredictPriceViewController.swift */; };
		682ECB87266405C800F02DD3 /* DateSearch.storyboard in Resources */ = {isa = PBXBuildFile; fileRef = 682ECB86266405C800F02DD3 /* DateSearch.storyboard */; };
		682ECB89266405D700F02DD3 /* GraphView.storyboard in Resources */ = {isa = PBXBuildFile; fileRef = 682ECB88266405D700F02DD3 /* GraphView.storyboard */; };
		682ECB8B266405EE00F02DD3 /* PredictPrice.storyboard in Resources */ = {isa = PBXBuildFile; fileRef = 682ECB8A266405EE00F02DD3 /* PredictPrice.storyboard */; };
		682ECB8D266528DE00F02DD3 /* FoodCell.swift in Sources */ = {isa = PBXBuildFile; fileRef = 682ECB8C266528DC00F02DD3 /* FoodCell.swift */; };
		682ECB8F2665643000F02DD3 /* GraphViewExtenstion.swift in Sources */ = {isa = PBXBuildFile; fileRef = 682ECB8E2665642F00F02DD3 /* GraphViewExtenstion.swift */; };
		682ECB9226664F3900F02DD3 /* UIColor.swift in Sources */ = {isa = PBXBuildFile; fileRef = 682ECB9126664F3900F02DD3 /* UIColor.swift */; };
		682ECB952666590900F02DD3 /* ColorTable.swift in Sources */ = {isa = PBXBuildFile; fileRef = 682ECB942666590900F02DD3 /* ColorTable.swift */; };
		682ECBAA26667E7300F02DD3 /* AuctionCell.swift in Sources */ = {isa = PBXBuildFile; fileRef = 682ECBA926667E7100F02DD3 /* AuctionCell.swift */; };
		682ECBAC2666BBBF00F02DD3 /* request.swift in Sources */ = {isa = PBXBuildFile; fileRef = 682ECBAB2666BBBE00F02DD3 /* request.swift */; };
		6855C4232670BDC600997BA5 /* Pods_Jongp2.framework in Frameworks */ = {isa = PBXBuildFile; fileRef = 6855C41F2670BDAF00997BA5 /* Pods_Jongp2.framework */; };
		6855C4242670BDC600997BA5 /* Pods_Jongp2.framework in Embed Frameworks */ = {isa = PBXBuildFile; fileRef = 6855C41F2670BDAF00997BA5 /* Pods_Jongp2.framework */; settings = {ATTRIBUTES = (RemoveHeadersOnCopy, ); }; };
/* End PBXBuildFile section */

/* Begin PBXCopyFilesBuildPhase section */
		6855C4252670BDC600997BA5 /* Embed Frameworks */ = {
			isa = PBXCopyFilesBuildPhase;
			buildActionMask = 2147483647;
			dstPath = "";
			dstSubfolderSpec = 10;
			files = (
				6855C4242670BDC600997BA5 /* Pods_Jongp2.framework in Embed Frameworks */,
			);
			name = "Embed Frameworks";
			runOnlyForDeploymentPostprocessing = 0;
		};
/* End PBXCopyFilesBuildPhase section */

/* Begin PBXFileReference section */
		40C4E55E3928730D7835E507 /* Pods-Jongp2.debug.xcconfig */ = {isa = PBXFileReference; includeInIndex = 1; lastKnownFileType = text.xcconfig; name = "Pods-Jongp2.debug.xcconfig"; path = "Target Support Files/Pods-Jongp2/Pods-Jongp2.debug.xcconfig"; sourceTree = "<group>"; };
		681BBD4E266B7A130025568A /* webSocketWithStomp.swift */ = {isa = PBXFileReference; lastKnownFileType = sourcecode.swift; path = webSocketWithStomp.swift; sourceTree = "<group>"; };
		682ECB502663CDAE00F02DD3 /* Jongp2.app */ = {isa = PBXFileReference; explicitFileType = wrapper.application; includeInIndex = 0; path = Jongp2.app; sourceTree = BUILT_PRODUCTS_DIR; };
		682ECB532663CDAE00F02DD3 /* AppDelegate.swift */ = {isa = PBXFileReference; lastKnownFileType = sourcecode.swift; path = AppDelegate.swift; sourceTree = "<group>"; };
		682ECB552663CDAE00F02DD3 /* SceneDelegate.swift */ = {isa = PBXFileReference; lastKnownFileType = sourcecode.swift; path = SceneDelegate.swift; sourceTree = "<group>"; };
		682ECB572663CDAE00F02DD3 /* ViewController.swift */ = {isa = PBXFileReference; lastKnownFileType = sourcecode.swift; path = ViewController.swift; sourceTree = "<group>"; };
		682ECB5A2663CDAE00F02DD3 /* Base */ = {isa = PBXFileReference; lastKnownFileType = file.storyboard; name = Base; path = Base.lproj/Main.storyboard; sourceTree = "<group>"; };
		682ECB5C2663CDB700F02DD3 /* Assets.xcassets */ = {isa = PBXFileReference; lastKnownFileType = folder.assetcatalog; path = Assets.xcassets; sourceTree = "<group>"; };
		682ECB5F2663CDB700F02DD3 /* Base */ = {isa = PBXFileReference; lastKnownFileType = file.storyboard; name = Base; path = Base.lproj/LaunchScreen.storyboard; sourceTree = "<group>"; };
		682ECB612663CDB700F02DD3 /* Info.plist */ = {isa = PBXFileReference; lastKnownFileType = text.plist.xml; path = Info.plist; sourceTree = "<group>"; };
		682ECB6A2663D07A00F02DD3 /* SecondTab.storyboard */ = {isa = PBXFileReference; lastKnownFileType = file.storyboard; path = SecondTab.storyboard; sourceTree = "<group>"; };
		682ECB6D2663D09900F02DD3 /* FirstTabController.swift */ = {isa = PBXFileReference; lastKnownFileType = sourcecode.swift; path = FirstTabController.swift; sourceTree = "<group>"; };
		682ECB6F2663D0A500F02DD3 /* SecondTabController.swift */ = {isa = PBXFileReference; lastKnownFileType = sourcecode.swift; path = SecondTabController.swift; sourceTree = "<group>"; };
		682ECB722663D79100F02DD3 /* WasURL.swift */ = {isa = PBXFileReference; lastKnownFileType = sourcecode.swift; path = WasURL.swift; sourceTree = "<group>"; };
		682ECB742663D93300F02DD3 /* FirstTabTableController.swift */ = {isa = PBXFileReference; lastKnownFileType = sourcecode.swift; path = FirstTabTableController.swift; sourceTree = "<group>"; };
		682ECB762663DB8900F02DD3 /* FoodCompareViewController.swift */ = {isa = PBXFileReference; lastKnownFileType = sourcecode.swift; path = FoodCompareViewController.swift; sourceTree = "<group>"; };
		682ECB782663DBAA00F02DD3 /* FoodCompare.storyboard */ = {isa = PBXFileReference; lastKnownFileType = file.storyboard; path = FoodCompare.storyboard; sourceTree = "<group>"; };
		682ECB7A2663DF1900F02DD3 /* TabBarCell.swift */ = {isa = PBXFileReference; lastKnownFileType = sourcecode.swift; path = TabBarCell.swift; sourceTree = "<group>"; };
		682ECB7C2663F7ED00F02DD3 /* FirstTab.storyboard */ = {isa = PBXFileReference; fileEncoding = 4; lastKnownFileType = file.storyboard; path = FirstTab.storyboard; sourceTree = "<group>"; };
		682ECB7F2664056A00F02DD3 /* DateSearchViewController.swift */ = {isa = PBXFileReference; lastKnownFileType = sourcecode.swift; path = DateSearchViewController.swift; sourceTree = "<group>"; };
		682ECB812664057B00F02DD3 /* GraphViewController.swift */ = {isa = PBXFileReference; lastKnownFileType = sourcecode.swift; path = GraphViewController.swift; sourceTree = "<group>"; };
		682ECB832664058600F02DD3 /* PredictPriceViewController.swift */ = {isa = PBXFileReference; lastKnownFileType = sourcecode.swift; path = PredictPriceViewController.swift; sourceTree = "<group>"; };
		682ECB86266405C800F02DD3 /* DateSearch.storyboard */ = {isa = PBXFileReference; lastKnownFileType = file.storyboard; path = DateSearch.storyboard; sourceTree = "<group>"; };
		682ECB88266405D700F02DD3 /* GraphView.storyboard */ = {isa = PBXFileReference; lastKnownFileType = file.storyboard; path = GraphView.storyboard; sourceTree = "<group>"; };
		682ECB8A266405EE00F02DD3 /* PredictPrice.storyboard */ = {isa = PBXFileReference; lastKnownFileType = file.storyboard; path = PredictPrice.storyboard; sourceTree = "<group>"; };
		682ECB8C266528DC00F02DD3 /* FoodCell.swift */ = {isa = PBXFileReference; lastKnownFileType = sourcecode.swift; path = FoodCell.swift; sourceTree = "<group>"; };
		682ECB8E2665642F00F02DD3 /* GraphViewExtenstion.swift */ = {isa = PBXFileReference; lastKnownFileType = sourcecode.swift; path = GraphViewExtenstion.swift; sourceTree = "<group>"; };
		682ECB9126664F3900F02DD3 /* UIColor.swift */ = {isa = PBXFileReference; lastKnownFileType = sourcecode.swift; path = UIColor.swift; sourceTree = "<group>"; };
		682ECB942666590900F02DD3 /* ColorTable.swift */ = {isa = PBXFileReference; lastKnownFileType = sourcecode.swift; path = ColorTable.swift; sourceTree = "<group>"; };
		682ECBA926667E7100F02DD3 /* AuctionCell.swift */ = {isa = PBXFileReference; lastKnownFileType = sourcecode.swift; path = AuctionCell.swift; sourceTree = "<group>"; };
		682ECBAB2666BBBE00F02DD3 /* request.swift */ = {isa = PBXFileReference; lastKnownFileType = sourcecode.swift; path = request.swift; sourceTree = "<group>"; };
		6855C41F2670BDAF00997BA5 /* Pods_Jongp2.framework */ = {isa = PBXFileReference; explicitFileType = wrapper.framework; path = Pods_Jongp2.framework; sourceTree = BUILT_PRODUCTS_DIR; };
		993BCA4680CBB609DC481C21 /* Pods_Jongp2.framework */ = {isa = PBXFileReference; explicitFileType = wrapper.framework; includeInIndex = 0; path = Pods_Jongp2.framework; sourceTree = BUILT_PRODUCTS_DIR; };
		BE79E3EF6CFC6A7CB4CAF233 /* Pods-Jongp2.release.xcconfig */ = {isa = PBXFileReference; includeInIndex = 1; lastKnownFileType = text.xcconfig; name = "Pods-Jongp2.release.xcconfig"; path = "Target Support Files/Pods-Jongp2/Pods-Jongp2.release.xcconfig"; sourceTree = "<group>"; };
/* End PBXFileReference section */

/* Begin PBXFrameworksBuildPhase section */
		682ECB4D2663CDAE00F02DD3 /* Frameworks */ = {
			isa = PBXFrameworksBuildPhase;
			buildActionMask = 2147483647;
			files = (
				6855C4232670BDC600997BA5 /* Pods_Jongp2.framework in Frameworks */,
			);
			runOnlyForDeploymentPostprocessing = 0;
		};
/* End PBXFrameworksBuildPhase section */

/* Begin PBXGroup section */
		681BBD50266C1B000025568A /* Image */ = {
			isa = PBXGroup;
			children = (
			);
			path = Image;
			sourceTree = "<group>";
		};
		682ECB472663CDAE00F02DD3 = {
			isa = PBXGroup;
			children = (
				682ECB522663CDAE00F02DD3 /* Jongp2 */,
				682ECB512663CDAE00F02DD3 /* Products */,
				8DA76959BD08D45A7F149B5C /* Pods */,
				E6E894AD82D0C236D51D15C1 /* Frameworks */,
			);
			sourceTree = "<group>";
		};
		682ECB512663CDAE00F02DD3 /* Products */ = {
			isa = PBXGroup;
			children = (
				682ECB502663CDAE00F02DD3 /* Jongp2.app */,
			);
			name = Products;
			sourceTree = "<group>";
		};
		682ECB522663CDAE00F02DD3 /* Jongp2 */ = {
			isa = PBXGroup;
			children = (
				682ECB6C2663D08100F02DD3 /* ViewController */,
				682ECB532663CDAE00F02DD3 /* AppDelegate.swift */,
				682ECB552663CDAE00F02DD3 /* SceneDelegate.swift */,
				682ECB5C2663CDB700F02DD3 /* Assets.xcassets */,
				682ECB5E2663CDB700F02DD3 /* LaunchScreen.storyboard */,
				682ECB612663CDB700F02DD3 /* Info.plist */,
			);
			path = Jongp2;
			sourceTree = "<group>";
		};
		682ECB692663D06A00F02DD3 /* StoryBoard */ = {
			isa = PBXGroup;
			children = (
				682ECB782663DBAA00F02DD3 /* FoodCompare.storyboard */,
				682ECB86266405C800F02DD3 /* DateSearch.storyboard */,
				682ECB88266405D700F02DD3 /* GraphView.storyboard */,
				682ECB8A266405EE00F02DD3 /* PredictPrice.storyboard */,
				682ECB592663CDAE00F02DD3 /* Main.storyboard */,
				682ECB6A2663D07A00F02DD3 /* SecondTab.storyboard */,
				682ECB7C2663F7ED00F02DD3 /* FirstTab.storyboard */,
			);
			path = StoryBoard;
			sourceTree = "<group>";
		};
		682ECB6C2663D08100F02DD3 /* ViewController */ = {
			isa = PBXGroup;
			children = (
				681BBD50266C1B000025568A /* Image */,
				682ECB9326664F6000F02DD3 /* Cell */,
				682ECB712663D78000F02DD3 /* API */,
				682ECB9026664F2500F02DD3 /* Color */,
				682ECB7E2664011D00F02DD3 /* TabView */,
				682ECB692663D06A00F02DD3 /* StoryBoard */,
				682ECB572663CDAE00F02DD3 /* ViewController.swift */,
				682ECB6D2663D09900F02DD3 /* FirstTabController.swift */,
				682ECB742663D93300F02DD3 /* FirstTabTableController.swift */,
				682ECB6F2663D0A500F02DD3 /* SecondTabController.swift */,
			);
			path = ViewController;
			sourceTree = "<group>";
		};
		682ECB712663D78000F02DD3 /* API */ = {
			isa = PBXGroup;
			children = (
				682ECB722663D79100F02DD3 /* WasURL.swift */,
				682ECBAB2666BBBE00F02DD3 /* request.swift */,
				681BBD4E266B7A130025568A /* webSocketWithStomp.swift */,
			);
			path = API;
			sourceTree = "<group>";
		};
		682ECB7E2664011D00F02DD3 /* TabView */ = {
			isa = PBXGroup;
			children = (
				682ECB762663DB8900F02DD3 /* FoodCompareViewController.swift */,
				682ECB7F2664056A00F02DD3 /* DateSearchViewController.swift */,
				682ECB812664057B00F02DD3 /* GraphViewController.swift */,
				682ECB8E2665642F00F02DD3 /* GraphViewExtenstion.swift */,
				682ECB832664058600F02DD3 /* PredictPriceViewController.swift */,
			);
			path = TabView;
			sourceTree = "<group>";
		};
		682ECB9026664F2500F02DD3 /* Color */ = {
			isa = PBXGroup;
			children = (
				682ECB9126664F3900F02DD3 /* UIColor.swift */,
				682ECB942666590900F02DD3 /* ColorTable.swift */,
			);
			path = Color;
			sourceTree = "<group>";
		};
		682ECB9326664F6000F02DD3 /* Cell */ = {
			isa = PBXGroup;
			children = (
				682ECB7A2663DF1900F02DD3 /* TabBarCell.swift */,
				682ECB8C266528DC00F02DD3 /* FoodCell.swift */,
				682ECBA926667E7100F02DD3 /* AuctionCell.swift */,
			);
			path = Cell;
			sourceTree = "<group>";
		};
		8DA76959BD08D45A7F149B5C /* Pods */ = {
			isa = PBXGroup;
			children = (
				40C4E55E3928730D7835E507 /* Pods-Jongp2.debug.xcconfig */,
				BE79E3EF6CFC6A7CB4CAF233 /* Pods-Jongp2.release.xcconfig */,
			);
			path = Pods;
			sourceTree = "<group>";
		};
		E6E894AD82D0C236D51D15C1 /* Frameworks */ = {
			isa = PBXGroup;
			children = (
				6855C41F2670BDAF00997BA5 /* Pods_Jongp2.framework */,
				993BCA4680CBB609DC481C21 /* Pods_Jongp2.framework */,
			);
			name = Frameworks;
			sourceTree = "<group>";
		};
/* End PBXGroup section */

/* Begin PBXNativeTarget section */
		682ECB4F2663CDAE00F02DD3 /* Jongp2 */ = {
			isa = PBXNativeTarget;
			buildConfigurationList = 682ECB642663CDB700F02DD3 /* Build configuration list for PBXNativeTarget "Jongp2" */;
			buildPhases = (
				AC36EB897DF3FC542846F088 /* [CP] Check Pods Manifest.lock */,
				682ECB4C2663CDAE00F02DD3 /* Sources */,
				682ECB4D2663CDAE00F02DD3 /* Frameworks */,
				682ECB4E2663CDAE00F02DD3 /* Resources */,
				1F2CC0F2979FCBF397C1293F /* [CP] Embed Pods Frameworks */,
				6855C4252670BDC600997BA5 /* Embed Frameworks */,
			);
			buildRules = (
			);
			dependencies = (
			);
			name = Jongp2;
			productName = Jongp2;
			productReference = 682ECB502663CDAE00F02DD3 /* Jongp2.app */;
			productType = "com.apple.product-type.application";
		};
/* End PBXNativeTarget section */

/* Begin PBXProject section */
		682ECB482663CDAE00F02DD3 /* Project object */ = {
			isa = PBXProject;
			attributes = {
				LastSwiftUpdateCheck = 1250;
				LastUpgradeCheck = 1250;
				TargetAttributes = {
					682ECB4F2663CDAE00F02DD3 = {
						CreatedOnToolsVersion = 12.5;
					};
				};
			};
			buildConfigurationList = 682ECB4B2663CDAE00F02DD3 /* Build configuration list for PBXProject "Jongp2" */;
			compatibilityVersion = "Xcode 9.3";
			developmentRegion = en;
			hasScannedForEncodings = 0;
			knownRegions = (
				en,
				Base,
			);
			mainGroup = 682ECB472663CDAE00F02DD3;
			productRefGroup = 682ECB512663CDAE00F02DD3 /* Products */;
			projectDirPath = "";
			projectRoot = "";
			targets = (
				682ECB4F2663CDAE00F02DD3 /* Jongp2 */,
			);
		};
/* End PBXProject section */

/* Begin PBXResourcesBuildPhase section */
		682ECB4E2663CDAE00F02DD3 /* Resources */ = {
			isa = PBXResourcesBuildPhase;
			buildActionMask = 2147483647;
			files = (
				682ECB87266405C800F02DD3 /* DateSearch.storyboard in Resources */,
				682ECB8B266405EE00F02DD3 /* PredictPrice.storyboard in Resources */,
				682ECB602663CDB700F02DD3 /* LaunchScreen.storyboard in Resources */,
				682ECB6B2663D07A00F02DD3 /* SecondTab.storyboard in Resources */,
				682ECB5D2663CDB700F02DD3 /* Assets.xcassets in Resources */,
				682ECB7D2663F7ED00F02DD3 /* FirstTab.storyboard in Resources */,
				682ECB792663DBAA00F02DD3 /* FoodCompare.storyboard in Resources */,
				682ECB89266405D700F02DD3 /* GraphView.storyboard in Resources */,
				682ECB5B2663CDAE00F02DD3 /* Main.storyboard in Resources */,
			);
			runOnlyForDeploymentPostprocessing = 0;
		};
/* End PBXResourcesBuildPhase section */

/* Begin PBXShellScriptBuildPhase section */
		1F2CC0F2979FCBF397C1293F /* [CP] Embed Pods Frameworks */ = {
			isa = PBXShellScriptBuildPhase;
			buildActionMask = 2147483647;
			files = (
			);
			inputFileListPaths = (
				"${PODS_ROOT}/Target Support Files/Pods-Jongp2/Pods-Jongp2-frameworks-${CONFIGURATION}-input-files.xcfilelist",
			);
			name = "[CP] Embed Pods Frameworks";
			outputFileListPaths = (
				"${PODS_ROOT}/Target Support Files/Pods-Jongp2/Pods-Jongp2-frameworks-${CONFIGURATION}-output-files.xcfilelist",
			);
			runOnlyForDeploymentPostprocessing = 0;
			shellPath = /bin/sh;
			shellScript = "\"${PODS_ROOT}/Target Support Files/Pods-Jongp2/Pods-Jongp2-frameworks.sh\"\n";
			showEnvVarsInLog = 0;
		};
		AC36EB897DF3FC542846F088 /* [CP] Check Pods Manifest.lock */ = {
			isa = PBXShellScriptBuildPhase;
			buildActionMask = 2147483647;
			files = (
			);
			inputFileListPaths = (
			);
			inputPaths = (
				"${PODS_PODFILE_DIR_PATH}/Podfile.lock",
				"${PODS_ROOT}/Manifest.lock",
			);
			name = "[CP] Check Pods Manifest.lock";
			outputFileListPaths = (
			);
			outputPaths = (
				"$(DERIVED_FILE_DIR)/Pods-Jongp2-checkManifestLockResult.txt",
			);
			runOnlyForDeploymentPostprocessing = 0;
			shellPath = /bin/sh;
			shellScript = "diff \"${PODS_PODFILE_DIR_PATH}/Podfile.lock\" \"${PODS_ROOT}/Manifest.lock\" > /dev/null\nif [ $? != 0 ] ; then\n    # print error to STDERR\n    echo \"error: The sandbox is not in sync with the Podfile.lock. Run 'pod install' or update your CocoaPods installation.\" >&2\n    exit 1\nfi\n# This output is used by Xcode 'outputs' to avoid re-running this script phase.\necho \"SUCCESS\" > \"${SCRIPT_OUTPUT_FILE_0}\"\n";
			showEnvVarsInLog = 0;
		};
/* End PBXShellScriptBuildPhase section */

/* Begin PBXSourcesBuildPhase section */
		682ECB4C2663CDAE00F02DD3 /* Sources */ = {
			isa = PBXSourcesBuildPhase;
			buildActionMask = 2147483647;
			files = (
				682ECBAA26667E7300F02DD3 /* AuctionCell.swift in Sources */,
				682ECB8F2665643000F02DD3 /* GraphViewExtenstion.swift in Sources */,
				682ECB802664056B00F02DD3 /* DateSearchViewController.swift in Sources */,
				682ECB952666590900F02DD3 /* ColorTable.swift in Sources */,
				682ECB582663CDAE00F02DD3 /* ViewController.swift in Sources */,
				682ECB542663CDAE00F02DD3 /* AppDelegate.swift in Sources */,
				681BBD4F266B7A130025568A /* webSocketWithStomp.swift in Sources */,
				682ECB9226664F3900F02DD3 /* UIColor.swift in Sources */,
				682ECB702663D0A500F02DD3 /* SecondTabController.swift in Sources */,
				682ECB8D266528DE00F02DD3 /* FoodCell.swift in Sources */,
				682ECB842664058600F02DD3 /* PredictPriceViewController.swift in Sources */,
				682ECB772663DB8A00F02DD3 /* FoodCompareViewController.swift in Sources */,
				682ECBAC2666BBBF00F02DD3 /* request.swift in Sources */,
				682ECB6E2663D09900F02DD3 /* FirstTabController.swift in Sources */,
				682ECB562663CDAE00F02DD3 /* SceneDelegate.swift in Sources */,
				682ECB7B2663DF1900F02DD3 /* TabBarCell.swift in Sources */,
				682ECB822664057B00F02DD3 /* GraphViewController.swift in Sources */,
				682ECB732663D79100F02DD3 /* WasURL.swift in Sources */,
				682ECB752663D93300F02DD3 /* FirstTabTableController.swift in Sources */,
			);
			runOnlyForDeploymentPostprocessing = 0;
		};
/* End PBXSourcesBuildPhase section */

/* Begin PBXVariantGroup section */
		682ECB592663CDAE00F02DD3 /* Main.storyboard */ = {
			isa = PBXVariantGroup;
			children = (
				682ECB5A2663CDAE00F02DD3 /* Base */,
			);
			name = Main.storyboard;
			sourceTree = "<group>";
		};
		682ECB5E2663CDB700F02DD3 /* LaunchScreen.storyboard */ = {
			isa = PBXVariantGroup;
			children = (
				682ECB5F2663CDB700F02DD3 /* Base */,
			);
			name = LaunchScreen.storyboard;
			sourceTree = "<group>";
		};
/* End PBXVariantGroup section */

/* Begin XCBuildConfiguration section */
		682ECB622663CDB700F02DD3 /* Debug */ = {
			isa = XCBuildConfiguration;
			buildSettings = {
				ALWAYS_SEARCH_USER_PATHS = NO;
				CLANG_ANALYZER_NONNULL = YES;
				CLANG_ANALYZER_NUMBER_OBJECT_CONVERSION = YES_AGGRESSIVE;
				CLANG_CXX_LANGUAGE_STANDARD = "gnu++14";
				CLANG_CXX_LIBRARY = "libc++";
				CLANG_ENABLE_MODULES = YES;
				CLANG_ENABLE_OBJC_ARC = YES;
				CLANG_ENABLE_OBJC_WEAK = YES;
				CLANG_WARN_BLOCK_CAPTURE_AUTORELEASING = YES;
				CLANG_WARN_BOOL_CONVERSION = YES;
				CLANG_WARN_COMMA = YES;
				CLANG_WARN_CONSTANT_CONVERSION = YES;
				CLANG_WARN_DEPRECATED_OBJC_IMPLEMENTATIONS = YES;
				CLANG_WARN_DIRECT_OBJC_ISA_USAGE = YES_ERROR;
				CLANG_WARN_DOCUMENTATION_COMMENTS = YES;
				CLANG_WARN_EMPTY_BODY = YES;
				CLANG_WARN_ENUM_CONVERSION = YES;
				CLANG_WARN_INFINITE_RECURSION = YES;
				CLANG_WARN_INT_CONVERSION = YES;
				CLANG_WARN_NON_LITERAL_NULL_CONVERSION = YES;
				CLANG_WARN_OBJC_IMPLICIT_RETAIN_SELF = YES;
				CLANG_WARN_OBJC_LITERAL_CONVERSION = YES;
				CLANG_WARN_OBJC_ROOT_CLASS = YES_ERROR;
				CLANG_WARN_QUOTED_INCLUDE_IN_FRAMEWORK_HEADER = YES;
				CLANG_WARN_RANGE_LOOP_ANALYSIS = YES;
				CLANG_WARN_STRICT_PROTOTYPES = YES;
				CLANG_WARN_SUSPICIOUS_MOVE = YES;
				CLANG_WARN_UNGUARDED_AVAILABILITY = YES_AGGRESSIVE;
				CLANG_WARN_UNREACHABLE_CODE = YES;
				CLANG_WARN__DUPLICATE_METHOD_MATCH = YES;
				COPY_PHASE_STRIP = NO;
				DEBUG_INFORMATION_FORMAT = dwarf;
				ENABLE_STRICT_OBJC_MSGSEND = YES;
				ENABLE_TESTABILITY = YES;
				GCC_C_LANGUAGE_STANDARD = gnu11;
				GCC_DYNAMIC_NO_PIC = NO;
				GCC_NO_COMMON_BLOCKS = YES;
				GCC_OPTIMIZATION_LEVEL = 0;
				GCC_PREPROCESSOR_DEFINITIONS = (
					"DEBUG=1",
					"$(inherited)",
				);
				GCC_WARN_64_TO_32_BIT_CONVERSION = YES;
				GCC_WARN_ABOUT_RETURN_TYPE = YES_ERROR;
				GCC_WARN_UNDECLARED_SELECTOR = YES;
				GCC_WARN_UNINITIALIZED_AUTOS = YES_AGGRESSIVE;
				GCC_WARN_UNUSED_FUNCTION = YES;
				GCC_WARN_UNUSED_VARIABLE = YES;
				IPHONEOS_DEPLOYMENT_TARGET = 14.5;
				MTL_ENABLE_DEBUG_INFO = INCLUDE_SOURCE;
				MTL_FAST_MATH = YES;
				ONLY_ACTIVE_ARCH = YES;
				SDKROOT = iphoneos;
				SWIFT_ACTIVE_COMPILATION_CONDITIONS = DEBUG;
				SWIFT_OPTIMIZATION_LEVEL = "-Onone";
			};
			name = Debug;
		};
		682ECB632663CDB700F02DD3 /* Release */ = {
			isa = XCBuildConfiguration;
			buildSettings = {
				ALWAYS_SEARCH_USER_PATHS = NO;
				CLANG_ANALYZER_NONNULL = YES;
				CLANG_ANALYZER_NUMBER_OBJECT_CONVERSION = YES_AGGRESSIVE;
				CLANG_CXX_LANGUAGE_STANDARD = "gnu++14";
				CLANG_CXX_LIBRARY = "libc++";
				CLANG_ENABLE_MODULES = YES;
				CLANG_ENABLE_OBJC_ARC = YES;
				CLANG_ENABLE_OBJC_WEAK = YES;
				CLANG_WARN_BLOCK_CAPTURE_AUTORELEASING = YES;
				CLANG_WARN_BOOL_CONVERSION = YES;
				CLANG_WARN_COMMA = YES;
				CLANG_WARN_CONSTANT_CONVERSION = YES;
				CLANG_WARN_DEPRECATED_OBJC_IMPLEMENTATIONS = YES;
				CLANG_WARN_DIRECT_OBJC_ISA_USAGE = YES_ERROR;
				CLANG_WARN_DOCUMENTATION_COMMENTS = YES;
				CLANG_WARN_EMPTY_BODY = YES;
				CLANG_WARN_ENUM_CONVERSION = YES;
				CLANG_WARN_INFINITE_RECURSION = YES;
				CLANG_WARN_INT_CONVERSION = YES;
				CLANG_WARN_NON_LITERAL_NULL_CONVERSION = YES;
				CLANG_WARN_OBJC_IMPLICIT_RETAIN_SELF = YES;
				CLANG_WARN_OBJC_LITERAL_CONVERSION = YES;
				CLANG_WARN_OBJC_ROOT_CLASS = YES_ERROR;
				CLANG_WARN_QUOTED_INCLUDE_IN_FRAMEWORK_HEADER = YES;
				CLANG_WARN_RANGE_LOOP_ANALYSIS = YES;
				CLANG_WARN_STRICT_PROTOTYPES = YES;
				CLANG_WARN_SUSPICIOUS_MOVE = YES;
				CLANG_WARN_UNGUARDED_AVAILABILITY = YES_AGGRESSIVE;
				CLANG_WARN_UNREACHABLE_CODE = YES;
				CLANG_WARN__DUPLICATE_METHOD_MATCH = YES;
				COPY_PHASE_STRIP = NO;
				DEBUG_INFORMATION_FORMAT = "dwarf-with-dsym";
				ENABLE_NS_ASSERTIONS = NO;
				ENABLE_STRICT_OBJC_MSGSEND = YES;
				GCC_C_LANGUAGE_STANDARD = gnu11;
				GCC_NO_COMMON_BLOCKS = YES;
				GCC_WARN_64_TO_32_BIT_CONVERSION = YES;
				GCC_WARN_ABOUT_RETURN_TYPE = YES_ERROR;
				GCC_WARN_UNDECLARED_SELECTOR = YES;
				GCC_WARN_UNINITIALIZED_AUTOS = YES_AGGRESSIVE;
				GCC_WARN_UNUSED_FUNCTION = YES;
				GCC_WARN_UNUSED_VARIABLE = YES;
				IPHONEOS_DEPLOYMENT_TARGET = 14.5;
				MTL_ENABLE_DEBUG_INFO = NO;
				MTL_FAST_MATH = YES;
				SDKROOT = iphoneos;
				SWIFT_COMPILATION_MODE = wholemodule;
				SWIFT_OPTIMIZATION_LEVEL = "-O";
				VALIDATE_PRODUCT = YES;
			};
			name = Release;
		};
		682ECB652663CDB700F02DD3 /* Debug */ = {
			isa = XCBuildConfiguration;
			baseConfigurationReference = 40C4E55E3928730D7835E507 /* Pods-Jongp2.debug.xcconfig */;
			buildSettings = {
				ASSETCATALOG_COMPILER_APPICON_NAME = AppIcon;
				ASSETCATALOG_COMPILER_GLOBAL_ACCENT_COLOR_NAME = AccentColor;
				CODE_SIGN_STYLE = Automatic;
				DEVELOPMENT_TEAM = 825B8L44JT;
				"EXCLUDED_ARCHS[sdk=*]" = arm64;
				INFOPLIST_FILE = Jongp2/Info.plist;
				LD_RUNPATH_SEARCH_PATHS = (
					"$(inherited)",
					"@executable_path/Frameworks",
				);
				ONLY_ACTIVE_ARCH = YES;
				PRODUCT_BUNDLE_IDENTIFIER = junseok.Jongp2;
				PRODUCT_NAME = "$(TARGET_NAME)";
				SWIFT_VERSION = 5.0;
				TARGETED_DEVICE_FAMILY = "1,2";
			};
			name = Debug;
		};
		682ECB662663CDB700F02DD3 /* Release */ = {
			isa = XCBuildConfiguration;
			baseConfigurationReference = BE79E3EF6CFC6A7CB4CAF233 /* Pods-Jongp2.release.xcconfig */;
			buildSettings = {
				ASSETCATALOG_COMPILER_APPICON_NAME = AppIcon;
				ASSETCATALOG_COMPILER_GLOBAL_ACCENT_COLOR_NAME = AccentColor;
				CODE_SIGN_STYLE = Automatic;
				DEVELOPMENT_TEAM = 825B8L44JT;
				"EXCLUDED_ARCHS[sdk=*]" = arm64;
				INFOPLIST_FILE = Jongp2/Info.plist;
				LD_RUNPATH_SEARCH_PATHS = (
					"$(inherited)",
					"@executable_path/Frameworks",
				);
				ONLY_ACTIVE_ARCH = NO;
				PRODUCT_BUNDLE_IDENTIFIER = junseok.Jongp2;
				PRODUCT_NAME = "$(TARGET_NAME)";
				SWIFT_VERSION = 5.0;
				TARGETED_DEVICE_FAMILY = "1,2";
			};
			name = Release;
		};
/* End XCBuildConfiguration section */

/* Begin XCConfigurationList section */
		682ECB4B2663CDAE00F02DD3 /* Build configuration list for PBXProject "Jongp2" */ = {
			isa = XCConfigurationList;
			buildConfigurations = (
				682ECB622663CDB700F02DD3 /* Debug */,
				682ECB632663CDB700F02DD3 /* Release */,
			);
			defaultConfigurationIsVisible = 0;
			defaultConfigurationName = Release;
		};
		682ECB642663CDB700F02DD3 /* Build configuration list for PBXNativeTarget "Jongp2" */ = {
			isa = XCConfigurationList;
			buildConfigurations = (
				682ECB652663CDB700F02DD3 /* Debug */,
				682ECB662663CDB700F02DD3 /* Release */,
			);
			defaultConfigurationIsVisible = 0;
			defaultConfigurationName = Release;
		};
/* End XCConfigurationList section */
	};
	rootObject = 682ECB482663CDAE00F02DD3 /* Project object */;
}
